// !$*UTF8*$!
{
	archiveVersion = 1;
	classes = {
	};
	objectVersion = 56;
	objects = {

/* Begin PBXBuildFile section */
		8427F8C62B66E715007D6860 /* IMG_0837.png in Resources */ = {isa = PBXBuildFile; fileRef = 8427F8C52B66E715007D6860 /* IMG_0837.png */; };
		84900F5C2B64159900E8788B /* readme.rtf in Resources */ = {isa = PBXBuildFile; fileRef = 84900F5B2B64159900E8788B /* readme.rtf */; };
		84900F5E2B64183100E8788B /* xyz.png in Resources */ = {isa = PBXBuildFile; fileRef = 84900F5D2B64183100E8788B /* xyz.png */; };
		84A86DD92B6281DD00EC2425 /* SceneViewApp.swift in Sources */ = {isa = PBXBuildFile; fileRef = 84A86DD82B6281DD00EC2425 /* SceneViewApp.swift */; };
		84A86DDB2B6281DD00EC2425 /* ContentView.swift in Sources */ = {isa = PBXBuildFile; fileRef = 84A86DDA2B6281DD00EC2425 /* ContentView.swift */; };
		84A86DDD2B6281DE00EC2425 /* Assets.xcassets in Resources */ = {isa = PBXBuildFile; fileRef = 84A86DDC2B6281DE00EC2425 /* Assets.xcassets */; };
		84A86DE02B6281DE00EC2425 /* Preview Assets.xcassets in Resources */ = {isa = PBXBuildFile; fileRef = 84A86DDF2B6281DE00EC2425 /* Preview Assets.xcassets */; };
		84A86DEA2B6281DE00EC2425 /* SceneViewTests.swift in Sources */ = {isa = PBXBuildFile; fileRef = 84A86DE92B6281DE00EC2425 /* SceneViewTests.swift */; };
		84A86DF42B6281DE00EC2425 /* SceneViewUITests.swift in Sources */ = {isa = PBXBuildFile; fileRef = 84A86DF32B6281DE00EC2425 /* SceneViewUITests.swift */; };
		84A86DF62B6281DE00EC2425 /* SceneViewUITestsLaunchTests.swift in Sources */ = {isa = PBXBuildFile; fileRef = 84A86DF52B6281DE00EC2425 /* SceneViewUITestsLaunchTests.swift */; };
		84EE32642B63FC3E00A489BE /* caravan.scn in Resources */ = {isa = PBXBuildFile; fileRef = 84EE32632B63FC3E00A489BE /* caravan.scn */; };
		84EE32662B63FD3F00A489BE /* caravanwand.jpg in Resources */ = {isa = PBXBuildFile; fileRef = 84EE32652B63FD3F00A489BE /* caravanwand.jpg */; };
		84EE326E2B63FFDF00A489BE /* gaugexApp.swift in Sources */ = {isa = PBXBuildFile; fileRef = 84EE326D2B63FFDF00A489BE /* gaugexApp.swift */; };
		84EE32702B63FFDF00A489BE /* ContentView.swift in Sources */ = {isa = PBXBuildFile; fileRef = 84EE326F2B63FFDF00A489BE /* ContentView.swift */; };
		84EE32722B63FFE000A489BE /* Assets.xcassets in Resources */ = {isa = PBXBuildFile; fileRef = 84EE32712B63FFE000A489BE /* Assets.xcassets */; };
		84EE32752B63FFE000A489BE /* Preview Assets.xcassets in Resources */ = {isa = PBXBuildFile; fileRef = 84EE32742B63FFE000A489BE /* Preview Assets.xcassets */; };
		84EE327F2B63FFE000A489BE /* gaugexTests.swift in Sources */ = {isa = PBXBuildFile; fileRef = 84EE327E2B63FFE000A489BE /* gaugexTests.swift */; };
		84EE32892B63FFE000A489BE /* gaugexUITests.swift in Sources */ = {isa = PBXBuildFile; fileRef = 84EE32882B63FFE000A489BE /* gaugexUITests.swift */; };
		84EE328B2B63FFE000A489BE /* gaugexUITestsLaunchTests.swift in Sources */ = {isa = PBXBuildFile; fileRef = 84EE328A2B63FFE000A489BE /* gaugexUITestsLaunchTests.swift */; };
		84EE32962B64072600A489BE /* corodinator.swift in Sources */ = {isa = PBXBuildFile; fileRef = 84EE32952B64072600A489BE /* corodinator.swift */; };
/* End PBXBuildFile section */

/* Begin PBXContainerItemProxy section */
		8427F8752B656926007D6860 /* PBXContainerItemProxy */ = {
			isa = PBXContainerItemProxy;
			containerPortal = 84A86DCD2B6281DD00EC2425 /* Project object */;
			proxyType = 1;
			remoteGlobalIDString = 8427F8642B656925007D6860;
			remoteInfo = "ios 12";
		};
		8427F87F2B656926007D6860 /* PBXContainerItemProxy */ = {
			isa = PBXContainerItemProxy;
			containerPortal = 84A86DCD2B6281DD00EC2425 /* Project object */;
			proxyType = 1;
			remoteGlobalIDString = 8427F8642B656925007D6860;
			remoteInfo = "ios 12";
		};
		84A86DE62B6281DE00EC2425 /* PBXContainerItemProxy */ = {
			isa = PBXContainerItemProxy;
			containerPortal = 84A86DCD2B6281DD00EC2425 /* Project object */;
			proxyType = 1;
			remoteGlobalIDString = 84A86DD42B6281DD00EC2425;
			remoteInfo = SceneView;
		};
		84A86DF02B6281DE00EC2425 /* PBXContainerItemProxy */ = {
			isa = PBXContainerItemProxy;
			containerPortal = 84A86DCD2B6281DD00EC2425 /* Project object */;
			proxyType = 1;
			remoteGlobalIDString = 84A86DD42B6281DD00EC2425;
			remoteInfo = SceneView;
		};
		84EE32492B63F30600A489BE /* PBXContainerItemProxy */ = {
			isa = PBXContainerItemProxy;
			containerPortal = 84A86DCD2B6281DD00EC2425 /* Project object */;
			proxyType = 1;
			remoteGlobalIDString = 84EE32382B63F30500A489BE;
			remoteInfo = gauges;
		};
		84EE32532B63F30600A489BE /* PBXContainerItemProxy */ = {
			isa = PBXContainerItemProxy;
			containerPortal = 84A86DCD2B6281DD00EC2425 /* Project object */;
			proxyType = 1;
			remoteGlobalIDString = 84EE32382B63F30500A489BE;
			remoteInfo = gauges;
		};
		84EE327B2B63FFE000A489BE /* PBXContainerItemProxy */ = {
			isa = PBXContainerItemProxy;
			containerPortal = 84A86DCD2B6281DD00EC2425 /* Project object */;
			proxyType = 1;
			remoteGlobalIDString = 84EE326A2B63FFDF00A489BE;
			remoteInfo = gaugex;
		};
		84EE32852B63FFE000A489BE /* PBXContainerItemProxy */ = {
			isa = PBXContainerItemProxy;
			containerPortal = 84A86DCD2B6281DD00EC2425 /* Project object */;
			proxyType = 1;
			remoteGlobalIDString = 84EE326A2B63FFDF00A489BE;
			remoteInfo = gaugex;
		};
/* End PBXContainerItemProxy section */

/* Begin PBXFileReference section */
		8427F8652B656925007D6860 /* ios 12.app */ = {isa = PBXFileReference; explicitFileType = wrapper.application; includeInIndex = 0; path = "ios 12.app"; sourceTree = BUILT_PRODUCTS_DIR; };
		8427F8742B656926007D6860 /* ios 12Tests.xctest */ = {isa = PBXFileReference; explicitFileType = wrapper.cfbundle; includeInIndex = 0; path = "ios 12Tests.xctest"; sourceTree = BUILT_PRODUCTS_DIR; };
		8427F87E2B656926007D6860 /* ios 12UITests.xctest */ = {isa = PBXFileReference; explicitFileType = wrapper.cfbundle; includeInIndex = 0; path = "ios 12UITests.xctest"; sourceTree = BUILT_PRODUCTS_DIR; };
		8427F8C52B66E715007D6860 /* IMG_0837.png */ = {isa = PBXFileReference; lastKnownFileType = image.png; path = IMG_0837.png; sourceTree = "<group>"; };
		84900F5B2B64159900E8788B /* readme.rtf */ = {isa = PBXFileReference; lastKnownFileType = text.rtf; path = readme.rtf; sourceTree = "<group>"; };
		84900F5D2B64183100E8788B /* xyz.png */ = {isa = PBXFileReference; lastKnownFileType = image.png; path = xyz.png; sourceTree = "<group>"; };
		84A86DD52B6281DD00EC2425 /* SceneView.app */ = {isa = PBXFileReference; explicitFileType = wrapper.application; includeInIndex = 0; path = SceneView.app; sourceTree = BUILT_PRODUCTS_DIR; };
		84A86DD82B6281DD00EC2425 /* SceneViewApp.swift */ = {isa = PBXFileReference; lastKnownFileType = sourcecode.swift; path = SceneViewApp.swift; sourceTree = "<group>"; };
		84A86DDA2B6281DD00EC2425 /* ContentView.swift */ = {isa = PBXFileReference; lastKnownFileType = sourcecode.swift; path = ContentView.swift; sourceTree = "<group>"; };
		84A86DDC2B6281DE00EC2425 /* Assets.xcassets */ = {isa = PBXFileReference; lastKnownFileType = folder.assetcatalog; path = Assets.xcassets; sourceTree = "<group>"; };
		84A86DDF2B6281DE00EC2425 /* Preview Assets.xcassets */ = {isa = PBXFileReference; lastKnownFileType = folder.assetcatalog; path = "Preview Assets.xcassets"; sourceTree = "<group>"; };
		84A86DE52B6281DE00EC2425 /* SceneViewTests.xctest */ = {isa = PBXFileReference; explicitFileType = wrapper.cfbundle; includeInIndex = 0; path = SceneViewTests.xctest; sourceTree = BUILT_PRODUCTS_DIR; };
		84A86DE92B6281DE00EC2425 /* SceneViewTests.swift */ = {isa = PBXFileReference; lastKnownFileType = sourcecode.swift; path = SceneViewTests.swift; sourceTree = "<group>"; };
		84A86DEF2B6281DE00EC2425 /* SceneViewUITests.xctest */ = {isa = PBXFileReference; explicitFileType = wrapper.cfbundle; includeInIndex = 0; path = SceneViewUITests.xctest; sourceTree = BUILT_PRODUCTS_DIR; };
		84A86DF32B6281DE00EC2425 /* SceneViewUITests.swift */ = {isa = PBXFileReference; lastKnownFileType = sourcecode.swift; path = SceneViewUITests.swift; sourceTree = "<group>"; };
		84A86DF52B6281DE00EC2425 /* SceneViewUITestsLaunchTests.swift */ = {isa = PBXFileReference; lastKnownFileType = sourcecode.swift; path = SceneViewUITestsLaunchTests.swift; sourceTree = "<group>"; };
		84EE32392B63F30500A489BE /* gauges.app */ = {isa = PBXFileReference; explicitFileType = wrapper.application; includeInIndex = 0; path = gauges.app; sourceTree = BUILT_PRODUCTS_DIR; };
		84EE32482B63F30600A489BE /* gaugesTests.xctest */ = {isa = PBXFileReference; explicitFileType = wrapper.cfbundle; includeInIndex = 0; path = gaugesTests.xctest; sourceTree = BUILT_PRODUCTS_DIR; };
		84EE32522B63F30600A489BE /* gaugesUITests.xctest */ = {isa = PBXFileReference; explicitFileType = wrapper.cfbundle; includeInIndex = 0; path = gaugesUITests.xctest; sourceTree = BUILT_PRODUCTS_DIR; };
		84EE32632B63FC3E00A489BE /* caravan.scn */ = {isa = PBXFileReference; lastKnownFileType = file.bplist; name = caravan.scn; path = SceneView/caravan.scn; sourceTree = "<group>"; };
		84EE32652B63FD3F00A489BE /* caravanwand.jpg */ = {isa = PBXFileReference; lastKnownFileType = image.jpeg; path = caravanwand.jpg; sourceTree = "<group>"; };
		84EE326B2B63FFDF00A489BE /* gaugex.app */ = {isa = PBXFileReference; explicitFileType = wrapper.application; includeInIndex = 0; path = gaugex.app; sourceTree = BUILT_PRODUCTS_DIR; };
		84EE326D2B63FFDF00A489BE /* gaugexApp.swift */ = {isa = PBXFileReference; lastKnownFileType = sourcecode.swift; path = gaugexApp.swift; sourceTree = "<group>"; };
		84EE326F2B63FFDF00A489BE /* ContentView.swift */ = {isa = PBXFileReference; lastKnownFileType = sourcecode.swift; path = ContentView.swift; sourceTree = "<group>"; };
		84EE32712B63FFE000A489BE /* Assets.xcassets */ = {isa = PBXFileReference; lastKnownFileType = folder.assetcatalog; path = Assets.xcassets; sourceTree = "<group>"; };
		84EE32742B63FFE000A489BE /* Preview Assets.xcassets */ = {isa = PBXFileReference; lastKnownFileType = folder.assetcatalog; path = "Preview Assets.xcassets"; sourceTree = "<group>"; };
		84EE327A2B63FFE000A489BE /* gaugexTests.xctest */ = {isa = PBXFileReference; explicitFileType = wrapper.cfbundle; includeInIndex = 0; path = gaugexTests.xctest; sourceTree = BUILT_PRODUCTS_DIR; };
		84EE327E2B63FFE000A489BE /* gaugexTests.swift */ = {isa = PBXFileReference; lastKnownFileType = sourcecode.swift; path = gaugexTests.swift; sourceTree = "<group>"; };
		84EE32842B63FFE000A489BE /* gaugexUITests.xctest */ = {isa = PBXFileReference; explicitFileType = wrapper.cfbundle; includeInIndex = 0; path = gaugexUITests.xctest; sourceTree = BUILT_PRODUCTS_DIR; };
		84EE32882B63FFE000A489BE /* gaugexUITests.swift */ = {isa = PBXFileReference; lastKnownFileType = sourcecode.swift; path = gaugexUITests.swift; sourceTree = "<group>"; };
		84EE328A2B63FFE000A489BE /* gaugexUITestsLaunchTests.swift */ = {isa = PBXFileReference; lastKnownFileType = sourcecode.swift; path = gaugexUITestsLaunchTests.swift; sourceTree = "<group>"; };
		84EE32952B64072600A489BE /* corodinator.swift */ = {isa = PBXFileReference; lastKnownFileType = sourcecode.swift; path = corodinator.swift; sourceTree = "<group>"; };
/* End PBXFileReference section */

/* Begin PBXFrameworksBuildPhase section */
		8427F8622B656925007D6860 /* Frameworks */ = {
			isa = PBXFrameworksBuildPhase;
			buildActionMask = 2147483647;
			files = (
			);
			runOnlyForDeploymentPostprocessing = 0;
		};
		8427F8712B656926007D6860 /* Frameworks */ = {
			isa = PBXFrameworksBuildPhase;
			buildActionMask = 2147483647;
			files = (
			);
			runOnlyForDeploymentPostprocessing = 0;
		};
		8427F87B2B656926007D6860 /* Frameworks */ = {
			isa = PBXFrameworksBuildPhase;
			buildActionMask = 2147483647;
			files = (
			);
			runOnlyForDeploymentPostprocessing = 0;
		};
		84A86DD22B6281DD00EC2425 /* Frameworks */ = {
			isa = PBXFrameworksBuildPhase;
			buildActionMask = 2147483647;
			files = (
			);
			runOnlyForDeploymentPostprocessing = 0;
		};
		84A86DE22B6281DE00EC2425 /* Frameworks */ = {
			isa = PBXFrameworksBuildPhase;
			buildActionMask = 2147483647;
			files = (
			);
			runOnlyForDeploymentPostprocessing = 0;
		};
		84A86DEC2B6281DE00EC2425 /* Frameworks */ = {
			isa = PBXFrameworksBuildPhase;
			buildActionMask = 2147483647;
			files = (
			);
			runOnlyForDeploymentPostprocessing = 0;
		};
		84EE32362B63F30500A489BE /* Frameworks */ = {
			isa = PBXFrameworksBuildPhase;
			buildActionMask = 2147483647;
			files = (
			);
			runOnlyForDeploymentPostprocessing = 0;
		};
		84EE32452B63F30600A489BE /* Frameworks */ = {
			isa = PBXFrameworksBuildPhase;
			buildActionMask = 2147483647;
			files = (
			);
			runOnlyForDeploymentPostprocessing = 0;
		};
		84EE324F2B63F30600A489BE /* Frameworks */ = {
			isa = PBXFrameworksBuildPhase;
			buildActionMask = 2147483647;
			files = (
			);
			runOnlyForDeploymentPostprocessing = 0;
		};
		84EE32682B63FFDF00A489BE /* Frameworks */ = {
			isa = PBXFrameworksBuildPhase;
			buildActionMask = 2147483647;
			files = (
			);
			runOnlyForDeploymentPostprocessing = 0;
		};
		84EE32772B63FFE000A489BE /* Frameworks */ = {
			isa = PBXFrameworksBuildPhase;
			buildActionMask = 2147483647;
			files = (
			);
			runOnlyForDeploymentPostprocessing = 0;
		};
		84EE32812B63FFE000A489BE /* Frameworks */ = {
			isa = PBXFrameworksBuildPhase;
			buildActionMask = 2147483647;
			files = (
			);
			runOnlyForDeploymentPostprocessing = 0;
		};
/* End PBXFrameworksBuildPhase section */

/* Begin PBXGroup section */
		84A86DCC2B6281DD00EC2425 = {
			isa = PBXGroup;
			children = (
				84EE32652B63FD3F00A489BE /* caravanwand.jpg */,
				84EE32632B63FC3E00A489BE /* caravan.scn */,
				84A86DD72B6281DD00EC2425 /* SceneView */,
				84A86DE82B6281DE00EC2425 /* SceneViewTests */,
				84A86DF22B6281DE00EC2425 /* SceneViewUITests */,
				84EE326C2B63FFDF00A489BE /* gaugex */,
				84EE327D2B63FFE000A489BE /* gaugexTests */,
				84EE32872B63FFE000A489BE /* gaugexUITests */,
				84A86DD62B6281DD00EC2425 /* Products */,
			);
			sourceTree = "<group>";
		};
		84A86DD62B6281DD00EC2425 /* Products */ = {
			isa = PBXGroup;
			children = (
				84A86DD52B6281DD00EC2425 /* SceneView.app */,
				84A86DE52B6281DE00EC2425 /* SceneViewTests.xctest */,
				84A86DEF2B6281DE00EC2425 /* SceneViewUITests.xctest */,
				84EE32392B63F30500A489BE /* gauges.app */,
				84EE32482B63F30600A489BE /* gaugesTests.xctest */,
				84EE32522B63F30600A489BE /* gaugesUITests.xctest */,
				84EE326B2B63FFDF00A489BE /* gaugex.app */,
				84EE327A2B63FFE000A489BE /* gaugexTests.xctest */,
				84EE32842B63FFE000A489BE /* gaugexUITests.xctest */,
				8427F8652B656925007D6860 /* ios 12.app */,
				8427F8742B656926007D6860 /* ios 12Tests.xctest */,
				8427F87E2B656926007D6860 /* ios 12UITests.xctest */,
			);
			name = Products;
			sourceTree = "<group>";
		};
		84A86DD72B6281DD00EC2425 /* SceneView */ = {
			isa = PBXGroup;
			children = (
				84A86DD82B6281DD00EC2425 /* SceneViewApp.swift */,
				84A86DDA2B6281DD00EC2425 /* ContentView.swift */,
				84A86DDC2B6281DE00EC2425 /* Assets.xcassets */,
				84A86DDE2B6281DE00EC2425 /* Preview Content */,
			);
			path = SceneView;
			sourceTree = "<group>";
		};
		84A86DDE2B6281DE00EC2425 /* Preview Content */ = {
			isa = PBXGroup;
			children = (
				84A86DDF2B6281DE00EC2425 /* Preview Assets.xcassets */,
			);
			path = "Preview Content";
			sourceTree = "<group>";
		};
		84A86DE82B6281DE00EC2425 /* SceneViewTests */ = {
			isa = PBXGroup;
			children = (
				84A86DE92B6281DE00EC2425 /* SceneViewTests.swift */,
			);
			path = SceneViewTests;
			sourceTree = "<group>";
		};
		84A86DF22B6281DE00EC2425 /* SceneViewUITests */ = {
			isa = PBXGroup;
			children = (
				84A86DF32B6281DE00EC2425 /* SceneViewUITests.swift */,
				84A86DF52B6281DE00EC2425 /* SceneViewUITestsLaunchTests.swift */,
			);
			path = SceneViewUITests;
			sourceTree = "<group>";
		};
		84EE326C2B63FFDF00A489BE /* gaugex */ = {
			isa = PBXGroup;
			children = (
				8427F8C52B66E715007D6860 /* IMG_0837.png */,
				84EE326D2B63FFDF00A489BE /* gaugexApp.swift */,
				84EE326F2B63FFDF00A489BE /* ContentView.swift */,
				84EE32712B63FFE000A489BE /* Assets.xcassets */,
				84900F5D2B64183100E8788B /* xyz.png */,
				84EE32732B63FFE000A489BE /* Preview Content */,
				84EE32952B64072600A489BE /* corodinator.swift */,
				84900F5B2B64159900E8788B /* readme.rtf */,
			);
			path = gaugex;
			sourceTree = "<group>";
		};
		84EE32732B63FFE000A489BE /* Preview Content */ = {
			isa = PBXGroup;
			children = (
				84EE32742B63FFE000A489BE /* Preview Assets.xcassets */,
			);
			path = "Preview Content";
			sourceTree = "<group>";
		};
		84EE327D2B63FFE000A489BE /* gaugexTests */ = {
			isa = PBXGroup;
			children = (
				84EE327E2B63FFE000A489BE /* gaugexTests.swift */,
			);
			path = gaugexTests;
			sourceTree = "<group>";
		};
		84EE32872B63FFE000A489BE /* gaugexUITests */ = {
			isa = PBXGroup;
			children = (
				84EE32882B63FFE000A489BE /* gaugexUITests.swift */,
				84EE328A2B63FFE000A489BE /* gaugexUITestsLaunchTests.swift */,
			);
			path = gaugexUITests;
			sourceTree = "<group>";
		};
/* End PBXGroup section */

/* Begin PBXNativeTarget section */
		8427F8642B656925007D6860 /* ios 12 */ = {
			isa = PBXNativeTarget;
			buildConfigurationList = 8427F8862B656926007D6860 /* Build configuration list for PBXNativeTarget "ios 12" */;
			buildPhases = (
				8427F8612B656925007D6860 /* Sources */,
				8427F8622B656925007D6860 /* Frameworks */,
				8427F8632B656925007D6860 /* Resources */,
			);
			buildRules = (
			);
			dependencies = (
			);
			name = "ios 12";
			productName = "ios 12";
			productReference = 8427F8652B656925007D6860 /* ios 12.app */;
			productType = "com.apple.product-type.application";
		};
		8427F8732B656926007D6860 /* ios 12Tests */ = {
			isa = PBXNativeTarget;
			buildConfigurationList = 8427F8892B656926007D6860 /* Build configuration list for PBXNativeTarget "ios 12Tests" */;
			buildPhases = (
				8427F8702B656926007D6860 /* Sources */,
				8427F8712B656926007D6860 /* Frameworks */,
				8427F8722B656926007D6860 /* Resources */,
			);
			buildRules = (
			);
			dependencies = (
				8427F8762B656926007D6860 /* PBXTargetDependency */,
			);
			name = "ios 12Tests";
			productName = "ios 12Tests";
			productReference = 8427F8742B656926007D6860 /* ios 12Tests.xctest */;
			productType = "com.apple.product-type.bundle.unit-test";
		};
		8427F87D2B656926007D6860 /* ios 12UITests */ = {
			isa = PBXNativeTarget;
			buildConfigurationList = 8427F88C2B656926007D6860 /* Build configuration list for PBXNativeTarget "ios 12UITests" */;
			buildPhases = (
				8427F87A2B656926007D6860 /* Sources */,
				8427F87B2B656926007D6860 /* Frameworks */,
				8427F87C2B656926007D6860 /* Resources */,
			);
			buildRules = (
			);
			dependencies = (
				8427F8802B656926007D6860 /* PBXTargetDependency */,
			);
			name = "ios 12UITests";
			productName = "ios 12UITests";
			productReference = 8427F87E2B656926007D6860 /* ios 12UITests.xctest */;
			productType = "com.apple.product-type.bundle.ui-testing";
		};
		84A86DD42B6281DD00EC2425 /* SceneView */ = {
			isa = PBXNativeTarget;
			buildConfigurationList = 84A86DF92B6281DE00EC2425 /* Build configuration list for PBXNativeTarget "SceneView" */;
			buildPhases = (
				84A86DD12B6281DD00EC2425 /* Sources */,
				84A86DD22B6281DD00EC2425 /* Frameworks */,
				84A86DD32B6281DD00EC2425 /* Resources */,
			);
			buildRules = (
			);
			dependencies = (
			);
			name = SceneView;
			productName = SceneView;
			productReference = 84A86DD52B6281DD00EC2425 /* SceneView.app */;
			productType = "com.apple.product-type.application";
		};
		84A86DE42B6281DE00EC2425 /* SceneViewTests */ = {
			isa = PBXNativeTarget;
			buildConfigurationList = 84A86DFC2B6281DE00EC2425 /* Build configuration list for PBXNativeTarget "SceneViewTests" */;
			buildPhases = (
				84A86DE12B6281DE00EC2425 /* Sources */,
				84A86DE22B6281DE00EC2425 /* Frameworks */,
				84A86DE32B6281DE00EC2425 /* Resources */,
			);
			buildRules = (
			);
			dependencies = (
				84A86DE72B6281DE00EC2425 /* PBXTargetDependency */,
			);
			name = SceneViewTests;
			productName = SceneViewTests;
			productReference = 84A86DE52B6281DE00EC2425 /* SceneViewTests.xctest */;
			productType = "com.apple.product-type.bundle.unit-test";
		};
		84A86DEE2B6281DE00EC2425 /* SceneViewUITests */ = {
			isa = PBXNativeTarget;
			buildConfigurationList = 84A86DFF2B6281DE00EC2425 /* Build configuration list for PBXNativeTarget "SceneViewUITests" */;
			buildPhases = (
				84A86DEB2B6281DE00EC2425 /* Sources */,
				84A86DEC2B6281DE00EC2425 /* Frameworks */,
				84A86DED2B6281DE00EC2425 /* Resources */,
			);
			buildRules = (
			);
			dependencies = (
				84A86DF12B6281DE00EC2425 /* PBXTargetDependency */,
			);
			name = SceneViewUITests;
			productName = SceneViewUITests;
			productReference = 84A86DEF2B6281DE00EC2425 /* SceneViewUITests.xctest */;
			productType = "com.apple.product-type.bundle.ui-testing";
		};
		84EE32382B63F30500A489BE /* gauges */ = {
			isa = PBXNativeTarget;
			buildConfigurationList = 84EE325A2B63F30600A489BE /* Build configuration list for PBXNativeTarget "gauges" */;
			buildPhases = (
				84EE32352B63F30500A489BE /* Sources */,
				84EE32362B63F30500A489BE /* Frameworks */,
				84EE32372B63F30500A489BE /* Resources */,
			);
			buildRules = (
			);
			dependencies = (
			);
			name = gauges;
			productName = gauges;
			productReference = 84EE32392B63F30500A489BE /* gauges.app */;
			productType = "com.apple.product-type.application";
		};
		84EE32472B63F30600A489BE /* gaugesTests */ = {
			isa = PBXNativeTarget;
			buildConfigurationList = 84EE325D2B63F30600A489BE /* Build configuration list for PBXNativeTarget "gaugesTests" */;
			buildPhases = (
				84EE32442B63F30600A489BE /* Sources */,
				84EE32452B63F30600A489BE /* Frameworks */,
				84EE32462B63F30600A489BE /* Resources */,
			);
			buildRules = (
			);
			dependencies = (
				84EE324A2B63F30600A489BE /* PBXTargetDependency */,
			);
			name = gaugesTests;
			productName = gaugesTests;
			productReference = 84EE32482B63F30600A489BE /* gaugesTests.xctest */;
			productType = "com.apple.product-type.bundle.unit-test";
		};
		84EE32512B63F30600A489BE /* gaugesUITests */ = {
			isa = PBXNativeTarget;
			buildConfigurationList = 84EE32602B63F30600A489BE /* Build configuration list for PBXNativeTarget "gaugesUITests" */;
			buildPhases = (
				84EE324E2B63F30600A489BE /* Sources */,
				84EE324F2B63F30600A489BE /* Frameworks */,
				84EE32502B63F30600A489BE /* Resources */,
			);
			buildRules = (
			);
			dependencies = (
				84EE32542B63F30600A489BE /* PBXTargetDependency */,
			);
			name = gaugesUITests;
			productName = gaugesUITests;
			productReference = 84EE32522B63F30600A489BE /* gaugesUITests.xctest */;
			productType = "com.apple.product-type.bundle.ui-testing";
		};
		84EE326A2B63FFDF00A489BE /* gaugex */ = {
			isa = PBXNativeTarget;
			buildConfigurationList = 84EE328C2B63FFE000A489BE /* Build configuration list for PBXNativeTarget "gaugex" */;
			buildPhases = (
				84EE32672B63FFDF00A489BE /* Sources */,
				84EE32682B63FFDF00A489BE /* Frameworks */,
				84EE32692B63FFDF00A489BE /* Resources */,
			);
			buildRules = (
			);
			dependencies = (
			);
			name = gaugex;
			productName = gaugex;
			productReference = 84EE326B2B63FFDF00A489BE /* gaugex.app */;
			productType = "com.apple.product-type.application";
		};
		84EE32792B63FFE000A489BE /* gaugexTests */ = {
			isa = PBXNativeTarget;
			buildConfigurationList = 84EE328F2B63FFE000A489BE /* Build configuration list for PBXNativeTarget "gaugexTests" */;
			buildPhases = (
				84EE32762B63FFE000A489BE /* Sources */,
				84EE32772B63FFE000A489BE /* Frameworks */,
				84EE32782B63FFE000A489BE /* Resources */,
			);
			buildRules = (
			);
			dependencies = (
				84EE327C2B63FFE000A489BE /* PBXTargetDependency */,
			);
			name = gaugexTests;
			productName = gaugexTests;
			productReference = 84EE327A2B63FFE000A489BE /* gaugexTests.xctest */;
			productType = "com.apple.product-type.bundle.unit-test";
		};
		84EE32832B63FFE000A489BE /* gaugexUITests */ = {
			isa = PBXNativeTarget;
			buildConfigurationList = 84EE32922B63FFE000A489BE /* Build configuration list for PBXNativeTarget "gaugexUITests" */;
			buildPhases = (
				84EE32802B63FFE000A489BE /* Sources */,
				84EE32812B63FFE000A489BE /* Frameworks */,
				84EE32822B63FFE000A489BE /* Resources */,
			);
			buildRules = (
			);
			dependencies = (
				84EE32862B63FFE000A489BE /* PBXTargetDependency */,
			);
			name = gaugexUITests;
			productName = gaugexUITests;
			productReference = 84EE32842B63FFE000A489BE /* gaugexUITests.xctest */;
			productType = "com.apple.product-type.bundle.ui-testing";
		};
/* End PBXNativeTarget section */

/* Begin PBXProject section */
		84A86DCD2B6281DD00EC2425 /* Project object */ = {
			isa = PBXProject;
			attributes = {
				BuildIndependentTargetsInParallel = 1;
				LastSwiftUpdateCheck = 1520;
				LastUpgradeCheck = 1520;
				TargetAttributes = {
					8427F8642B656925007D6860 = {
						CreatedOnToolsVersion = 15.2;
					};
					8427F8732B656926007D6860 = {
						CreatedOnToolsVersion = 15.2;
						TestTargetID = 8427F8642B656925007D6860;
					};
					8427F87D2B656926007D6860 = {
						CreatedOnToolsVersion = 15.2;
						TestTargetID = 8427F8642B656925007D6860;
					};
					84A86DD42B6281DD00EC2425 = {
						CreatedOnToolsVersion = 15.2;
					};
					84A86DE42B6281DE00EC2425 = {
						CreatedOnToolsVersion = 15.2;
						TestTargetID = 84A86DD42B6281DD00EC2425;
					};
					84A86DEE2B6281DE00EC2425 = {
						CreatedOnToolsVersion = 15.2;
						TestTargetID = 84A86DD42B6281DD00EC2425;
					};
					84EE32382B63F30500A489BE = {
						CreatedOnToolsVersion = 15.2;
						LastSwiftMigration = 1520;
					};
					84EE32472B63F30600A489BE = {
						CreatedOnToolsVersion = 15.2;
						TestTargetID = 84EE32382B63F30500A489BE;
					};
					84EE32512B63F30600A489BE = {
						CreatedOnToolsVersion = 15.2;
						TestTargetID = 84EE32382B63F30500A489BE;
					};
					84EE326A2B63FFDF00A489BE = {
						CreatedOnToolsVersion = 15.2;
					};
					84EE32792B63FFE000A489BE = {
						CreatedOnToolsVersion = 15.2;
						TestTargetID = 84EE326A2B63FFDF00A489BE;
					};
					84EE32832B63FFE000A489BE = {
						CreatedOnToolsVersion = 15.2;
						TestTargetID = 84EE326A2B63FFDF00A489BE;
					};
				};
			};
			buildConfigurationList = 84A86DD02B6281DD00EC2425 /* Build configuration list for PBXProject "SceneView" */;
			compatibilityVersion = "Xcode 14.0";
			developmentRegion = en;
			hasScannedForEncodings = 0;
			knownRegions = (
				en,
				Base,
			);
			mainGroup = 84A86DCC2B6281DD00EC2425;
			productRefGroup = 84A86DD62B6281DD00EC2425 /* Products */;
			projectDirPath = "";
			projectRoot = "";
			targets = (
				84A86DD42B6281DD00EC2425 /* SceneView */,
				84A86DE42B6281DE00EC2425 /* SceneViewTests */,
				84A86DEE2B6281DE00EC2425 /* SceneViewUITests */,
				84EE32382B63F30500A489BE /* gauges */,
				84EE32472B63F30600A489BE /* gaugesTests */,
				84EE32512B63F30600A489BE /* gaugesUITests */,
				84EE326A2B63FFDF00A489BE /* gaugex */,
				84EE32792B63FFE000A489BE /* gaugexTests */,
				84EE32832B63FFE000A489BE /* gaugexUITests */,
				8427F8642B656925007D6860 /* ios 12 */,
				8427F8732B656926007D6860 /* ios 12Tests */,
				8427F87D2B656926007D6860 /* ios 12UITests */,
			);
		};
/* End PBXProject section */

/* Begin PBXResourcesBuildPhase section */
		8427F8632B656925007D6860 /* Resources */ = {
			isa = PBXResourcesBuildPhase;
			buildActionMask = 2147483647;
			files = (
			);
			runOnlyForDeploymentPostprocessing = 0;
		};
		8427F8722B656926007D6860 /* Resources */ = {
			isa = PBXResourcesBuildPhase;
			buildActionMask = 2147483647;
			files = (
			);
			runOnlyForDeploymentPostprocessing = 0;
		};
		8427F87C2B656926007D6860 /* Resources */ = {
			isa = PBXResourcesBuildPhase;
			buildActionMask = 2147483647;
			files = (
			);
			runOnlyForDeploymentPostprocessing = 0;
		};
		84A86DD32B6281DD00EC2425 /* Resources */ = {
			isa = PBXResourcesBuildPhase;
			buildActionMask = 2147483647;
			files = (
				84EE32662B63FD3F00A489BE /* caravanwand.jpg in Resources */,
				84EE32642B63FC3E00A489BE /* caravan.scn in Resources */,
				84A86DE02B6281DE00EC2425 /* Preview Assets.xcassets in Resources */,
				84A86DDD2B6281DE00EC2425 /* Assets.xcassets in Resources */,
			);
			runOnlyForDeploymentPostprocessing = 0;
		};
		84A86DE32B6281DE00EC2425 /* Resources */ = {
			isa = PBXResourcesBuildPhase;
			buildActionMask = 2147483647;
			files = (
			);
			runOnlyForDeploymentPostprocessing = 0;
		};
		84A86DED2B6281DE00EC2425 /* Resources */ = {
			isa = PBXResourcesBuildPhase;
			buildActionMask = 2147483647;
			files = (
			);
			runOnlyForDeploymentPostprocessing = 0;
		};
		84EE32372B63F30500A489BE /* Resources */ = {
			isa = PBXResourcesBuildPhase;
			buildActionMask = 2147483647;
			files = (
			);
			runOnlyForDeploymentPostprocessing = 0;
		};
		84EE32462B63F30600A489BE /* Resources */ = {
			isa = PBXResourcesBuildPhase;
			buildActionMask = 2147483647;
			files = (
			);
			runOnlyForDeploymentPostprocessing = 0;
		};
		84EE32502B63F30600A489BE /* Resources */ = {
			isa = PBXResourcesBuildPhase;
			buildActionMask = 2147483647;
			files = (
			);
			runOnlyForDeploymentPostprocessing = 0;
		};
		84EE32692B63FFDF00A489BE /* Resources */ = {
			isa = PBXResourcesBuildPhase;
			buildActionMask = 2147483647;
			files = (
				84900F5E2B64183100E8788B /* xyz.png in Resources */,
				8427F8C62B66E715007D6860 /* IMG_0837.png in Resources */,
				84900F5C2B64159900E8788B /* readme.rtf in Resources */,
				84EE32752B63FFE000A489BE /* Preview Assets.xcassets in Resources */,
				84EE32722B63FFE000A489BE /* Assets.xcassets in Resources */,
			);
			runOnlyForDeploymentPostprocessing = 0;
		};
		84EE32782B63FFE000A489BE /* Resources */ = {
			isa = PBXResourcesBuildPhase;
			buildActionMask = 2147483647;
			files = (
			);
			runOnlyForDeploymentPostprocessing = 0;
		};
		84EE32822B63FFE000A489BE /* Resources */ = {
			isa = PBXResourcesBuildPhase;
			buildActionMask = 2147483647;
			files = (
			);
			runOnlyForDeploymentPostprocessing = 0;
		};
/* End PBXResourcesBuildPhase section */

/* Begin PBXSourcesBuildPhase section */
		8427F8612B656925007D6860 /* Sources */ = {
			isa = PBXSourcesBuildPhase;
			buildActionMask = 2147483647;
			files = (
			);
			runOnlyForDeploymentPostprocessing = 0;
		};
		8427F8702B656926007D6860 /* Sources */ = {
			isa = PBXSourcesBuildPhase;
			buildActionMask = 2147483647;
			files = (
			);
			runOnlyForDeploymentPostprocessing = 0;
		};
		8427F87A2B656926007D6860 /* Sources */ = {
			isa = PBXSourcesBuildPhase;
			buildActionMask = 2147483647;
			files = (
			);
			runOnlyForDeploymentPostprocessing = 0;
		};
		84A86DD12B6281DD00EC2425 /* Sources */ = {
			isa = PBXSourcesBuildPhase;
			buildActionMask = 2147483647;
			files = (
				84A86DDB2B6281DD00EC2425 /* ContentView.swift in Sources */,
				84A86DD92B6281DD00EC2425 /* SceneViewApp.swift in Sources */,
			);
			runOnlyForDeploymentPostprocessing = 0;
		};
		84A86DE12B6281DE00EC2425 /* Sources */ = {
			isa = PBXSourcesBuildPhase;
			buildActionMask = 2147483647;
			files = (
				84A86DEA2B6281DE00EC2425 /* SceneViewTests.swift in Sources */,
			);
			runOnlyForDeploymentPostprocessing = 0;
		};
		84A86DEB2B6281DE00EC2425 /* Sources */ = {
			isa = PBXSourcesBuildPhase;
			buildActionMask = 2147483647;
			files = (
				84A86DF62B6281DE00EC2425 /* SceneViewUITestsLaunchTests.swift in Sources */,
				84A86DF42B6281DE00EC2425 /* SceneViewUITests.swift in Sources */,
			);
			runOnlyForDeploymentPostprocessing = 0;
		};
		84EE32352B63F30500A489BE /* Sources */ = {
			isa = PBXSourcesBuildPhase;
			buildActionMask = 2147483647;
			files = (
			);
			runOnlyForDeploymentPostprocessing = 0;
		};
		84EE32442B63F30600A489BE /* Sources */ = {
			isa = PBXSourcesBuildPhase;
			buildActionMask = 2147483647;
			files = (
			);
			runOnlyForDeploymentPostprocessing = 0;
		};
		84EE324E2B63F30600A489BE /* Sources */ = {
			isa = PBXSourcesBuildPhase;
			buildActionMask = 2147483647;
			files = (
			);
			runOnlyForDeploymentPostprocessing = 0;
		};
		84EE32672B63FFDF00A489BE /* Sources */ = {
			isa = PBXSourcesBuildPhase;
			buildActionMask = 2147483647;
			files = (
				84EE32962B64072600A489BE /* corodinator.swift in Sources */,
				84EE32702B63FFDF00A489BE /* ContentView.swift in Sources */,
				84EE326E2B63FFDF00A489BE /* gaugexApp.swift in Sources */,
			);
			runOnlyForDeploymentPostprocessing = 0;
		};
		84EE32762B63FFE000A489BE /* Sources */ = {
			isa = PBXSourcesBuildPhase;
			buildActionMask = 2147483647;
			files = (
				84EE327F2B63FFE000A489BE /* gaugexTests.swift in Sources */,
			);
			runOnlyForDeploymentPostprocessing = 0;
		};
		84EE32802B63FFE000A489BE /* Sources */ = {
			isa = PBXSourcesBuildPhase;
			buildActionMask = 2147483647;
			files = (
				84EE32892B63FFE000A489BE /* gaugexUITests.swift in Sources */,
				84EE328B2B63FFE000A489BE /* gaugexUITestsLaunchTests.swift in Sources */,
			);
			runOnlyForDeploymentPostprocessing = 0;
		};
/* End PBXSourcesBuildPhase section */

/* Begin PBXTargetDependency section */
		8427F8762B656926007D6860 /* PBXTargetDependency */ = {
			isa = PBXTargetDependency;
			target = 8427F8642B656925007D6860 /* ios 12 */;
			targetProxy = 8427F8752B656926007D6860 /* PBXContainerItemProxy */;
		};
		8427F8802B656926007D6860 /* PBXTargetDependency */ = {
			isa = PBXTargetDependency;
			target = 8427F8642B656925007D6860 /* ios 12 */;
			targetProxy = 8427F87F2B656926007D6860 /* PBXContainerItemProxy */;
		};
		84A86DE72B6281DE00EC2425 /* PBXTargetDependency */ = {
			isa = PBXTargetDependency;
			target = 84A86DD42B6281DD00EC2425 /* SceneView */;
			targetProxy = 84A86DE62B6281DE00EC2425 /* PBXContainerItemProxy */;
		};
		84A86DF12B6281DE00EC2425 /* PBXTargetDependency */ = {
			isa = PBXTargetDependency;
			target = 84A86DD42B6281DD00EC2425 /* SceneView */;
			targetProxy = 84A86DF02B6281DE00EC2425 /* PBXContainerItemProxy */;
		};
		84EE324A2B63F30600A489BE /* PBXTargetDependency */ = {
			isa = PBXTargetDependency;
			target = 84EE32382B63F30500A489BE /* gauges */;
			targetProxy = 84EE32492B63F30600A489BE /* PBXContainerItemProxy */;
		};
		84EE32542B63F30600A489BE /* PBXTargetDependency */ = {
			isa = PBXTargetDependency;
			target = 84EE32382B63F30500A489BE /* gauges */;
			targetProxy = 84EE32532B63F30600A489BE /* PBXContainerItemProxy */;
		};
		84EE327C2B63FFE000A489BE /* PBXTargetDependency */ = {
			isa = PBXTargetDependency;
			target = 84EE326A2B63FFDF00A489BE /* gaugex */;
			targetProxy = 84EE327B2B63FFE000A489BE /* PBXContainerItemProxy */;
		};
		84EE32862B63FFE000A489BE /* PBXTargetDependency */ = {
			isa = PBXTargetDependency;
			target = 84EE326A2B63FFDF00A489BE /* gaugex */;
			targetProxy = 84EE32852B63FFE000A489BE /* PBXContainerItemProxy */;
		};
/* End PBXTargetDependency section */

/* Begin XCBuildConfiguration section */
		8427F8872B656926007D6860 /* Debug */ = {
			isa = XCBuildConfiguration;
			buildSettings = {
				ASSETCATALOG_COMPILER_APPICON_NAME = AppIcon;
				ASSETCATALOG_COMPILER_GLOBAL_ACCENT_COLOR_NAME = AccentColor;
				CODE_SIGN_STYLE = Automatic;
				CURRENT_PROJECT_VERSION = 1;
				DEVELOPMENT_ASSET_PATHS = "\"ios 12/Preview Content\"";
				DEVELOPMENT_TEAM = 846F3LXX92;
				ENABLE_PREVIEWS = YES;
				GENERATE_INFOPLIST_FILE = YES;
				INFOPLIST_KEY_UIApplicationSceneManifest_Generation = YES;
				INFOPLIST_KEY_UIApplicationSupportsIndirectInputEvents = YES;
				INFOPLIST_KEY_UILaunchScreen_Generation = YES;
				INFOPLIST_KEY_UISupportedInterfaceOrientations_iPad = "UIInterfaceOrientationPortrait UIInterfaceOrientationPortraitUpsideDown UIInterfaceOrientationLandscapeLeft UIInterfaceOrientationLandscapeRight";
				INFOPLIST_KEY_UISupportedInterfaceOrientations_iPhone = "UIInterfaceOrientationPortrait UIInterfaceOrientationLandscapeLeft UIInterfaceOrientationLandscapeRight";
				IPHONEOS_DEPLOYMENT_TARGET = 17.2;
				LD_RUNPATH_SEARCH_PATHS = (
					"$(inherited)",
					"@executable_path/Frameworks",
				);
				MARKETING_VERSION = 1.0;
				PRODUCT_BUNDLE_IDENTIFIER = "ajm-consulting.ios-12";
				PRODUCT_NAME = "$(TARGET_NAME)";
				SWIFT_EMIT_LOC_STRINGS = YES;
				SWIFT_VERSION = 5.0;
				TARGETED_DEVICE_FAMILY = "1,2";
			};
			name = Debug;
		};
		8427F8882B656926007D6860 /* Release */ = {
			isa = XCBuildConfiguration;
			buildSettings = {
				ASSETCATALOG_COMPILER_APPICON_NAME = AppIcon;
				ASSETCATALOG_COMPILER_GLOBAL_ACCENT_COLOR_NAME = AccentColor;
				CODE_SIGN_STYLE = Automatic;
				CURRENT_PROJECT_VERSION = 1;
				DEVELOPMENT_ASSET_PATHS = "\"ios 12/Preview Content\"";
				DEVELOPMENT_TEAM = 846F3LXX92;
				ENABLE_PREVIEWS = YES;
				GENERATE_INFOPLIST_FILE = YES;
				INFOPLIST_KEY_UIApplicationSceneManifest_Generation = YES;
				INFOPLIST_KEY_UIApplicationSupportsIndirectInputEvents = YES;
				INFOPLIST_KEY_UILaunchScreen_Generation = YES;
				INFOPLIST_KEY_UISupportedInterfaceOrientations_iPad = "UIInterfaceOrientationPortrait UIInterfaceOrientationPortraitUpsideDown UIInterfaceOrientationLandscapeLeft UIInterfaceOrientationLandscapeRight";
				INFOPLIST_KEY_UISupportedInterfaceOrientations_iPhone = "UIInterfaceOrientationPortrait UIInterfaceOrientationLandscapeLeft UIInterfaceOrientationLandscapeRight";
				IPHONEOS_DEPLOYMENT_TARGET = 17.2;
				LD_RUNPATH_SEARCH_PATHS = (
					"$(inherited)",
					"@executable_path/Frameworks",
				);
				MARKETING_VERSION = 1.0;
				PRODUCT_BUNDLE_IDENTIFIER = "ajm-consulting.ios-12";
				PRODUCT_NAME = "$(TARGET_NAME)";
				SWIFT_EMIT_LOC_STRINGS = YES;
				SWIFT_VERSION = 5.0;
				TARGETED_DEVICE_FAMILY = "1,2";
			};
			name = Release;
		};
		8427F88A2B656926007D6860 /* Debug */ = {
			isa = XCBuildConfiguration;
			buildSettings = {
				BUNDLE_LOADER = "$(TEST_HOST)";
				CODE_SIGN_STYLE = Automatic;
				CURRENT_PROJECT_VERSION = 1;
				DEVELOPMENT_TEAM = 846F3LXX92;
				GENERATE_INFOPLIST_FILE = YES;
				IPHONEOS_DEPLOYMENT_TARGET = 17.2;
				MARKETING_VERSION = 1.0;
				PRODUCT_BUNDLE_IDENTIFIER = "ajm-consulting.ios-12Tests";
				PRODUCT_NAME = "$(TARGET_NAME)";
				SWIFT_EMIT_LOC_STRINGS = NO;
				SWIFT_VERSION = 5.0;
				TARGETED_DEVICE_FAMILY = "1,2";
				TEST_HOST = "$(BUILT_PRODUCTS_DIR)/ios 12.app/$(BUNDLE_EXECUTABLE_FOLDER_PATH)/ios 12";
			};
			name = Debug;
		};
		8427F88B2B656926007D6860 /* Release */ = {
			isa = XCBuildConfiguration;
			buildSettings = {
				BUNDLE_LOADER = "$(TEST_HOST)";
				CODE_SIGN_STYLE = Automatic;
				CURRENT_PROJECT_VERSION = 1;
				DEVELOPMENT_TEAM = 846F3LXX92;
				GENERATE_INFOPLIST_FILE = YES;
				IPHONEOS_DEPLOYMENT_TARGET = 17.2;
				MARKETING_VERSION = 1.0;
				PRODUCT_BUNDLE_IDENTIFIER = "ajm-consulting.ios-12Tests";
				PRODUCT_NAME = "$(TARGET_NAME)";
				SWIFT_EMIT_LOC_STRINGS = NO;
				SWIFT_VERSION = 5.0;
				TARGETED_DEVICE_FAMILY = "1,2";
				TEST_HOST = "$(BUILT_PRODUCTS_DIR)/ios 12.app/$(BUNDLE_EXECUTABLE_FOLDER_PATH)/ios 12";
			};
			name = Release;
		};
		8427F88D2B656926007D6860 /* Debug */ = {
			isa = XCBuildConfiguration;
			buildSettings = {
				CODE_SIGN_STYLE = Automatic;
				CURRENT_PROJECT_VERSION = 1;
				DEVELOPMENT_TEAM = 846F3LXX92;
				GENERATE_INFOPLIST_FILE = YES;
				MARKETING_VERSION = 1.0;
				PRODUCT_BUNDLE_IDENTIFIER = "ajm-consulting.ios-12UITests";
				PRODUCT_NAME = "$(TARGET_NAME)";
				SWIFT_EMIT_LOC_STRINGS = NO;
				SWIFT_VERSION = 5.0;
				TARGETED_DEVICE_FAMILY = "1,2";
				TEST_TARGET_NAME = "ios 12";
			};
			name = Debug;
		};
		8427F88E2B656926007D6860 /* Release */ = {
			isa = XCBuildConfiguration;
			buildSettings = {
				CODE_SIGN_STYLE = Automatic;
				CURRENT_PROJECT_VERSION = 1;
				DEVELOPMENT_TEAM = 846F3LXX92;
				GENERATE_INFOPLIST_FILE = YES;
				MARKETING_VERSION = 1.0;
				PRODUCT_BUNDLE_IDENTIFIER = "ajm-consulting.ios-12UITests";
				PRODUCT_NAME = "$(TARGET_NAME)";
				SWIFT_EMIT_LOC_STRINGS = NO;
				SWIFT_VERSION = 5.0;
				TARGETED_DEVICE_FAMILY = "1,2";
				TEST_TARGET_NAME = "ios 12";
			};
			name = Release;
		};
		84A86DF72B6281DE00EC2425 /* Debug */ = {
			isa = XCBuildConfiguration;
			buildSettings = {
				ALWAYS_SEARCH_USER_PATHS = NO;
				ASSETCATALOG_COMPILER_GENERATE_SWIFT_ASSET_SYMBOL_EXTENSIONS = YES;
				CLANG_ANALYZER_NONNULL = YES;
				CLANG_ANALYZER_NUMBER_OBJECT_CONVERSION = YES_AGGRESSIVE;
				CLANG_CXX_LANGUAGE_STANDARD = "gnu++20";
				CLANG_ENABLE_MODULES = YES;
				CLANG_ENABLE_OBJC_ARC = YES;
				CLANG_ENABLE_OBJC_WEAK = YES;
				CLANG_WARN_BLOCK_CAPTURE_AUTORELEASING = YES;
				CLANG_WARN_BOOL_CONVERSION = YES;
				CLANG_WARN_COMMA = YES;
				CLANG_WARN_CONSTANT_CONVERSION = YES;
				CLANG_WARN_DEPRECATED_OBJC_IMPLEMENTATIONS = YES;
				CLANG_WARN_DIRECT_OBJC_ISA_USAGE = YES_ERROR;
				CLANG_WARN_DOCUMENTATION_COMMENTS = YES;
				CLANG_WARN_EMPTY_BODY = YES;
				CLANG_WARN_ENUM_CONVERSION = YES;
				CLANG_WARN_INFINITE_RECURSION = YES;
				CLANG_WARN_INT_CONVERSION = YES;
				CLANG_WARN_NON_LITERAL_NULL_CONVERSION = YES;
				CLANG_WARN_OBJC_IMPLICIT_RETAIN_SELF = YES;
				CLANG_WARN_OBJC_LITERAL_CONVERSION = YES;
				CLANG_WARN_OBJC_ROOT_CLASS = YES_ERROR;
				CLANG_WARN_QUOTED_INCLUDE_IN_FRAMEWORK_HEADER = YES;
				CLANG_WARN_RANGE_LOOP_ANALYSIS = YES;
				CLANG_WARN_STRICT_PROTOTYPES = YES;
				CLANG_WARN_SUSPICIOUS_MOVE = YES;
				CLANG_WARN_UNGUARDED_AVAILABILITY = YES_AGGRESSIVE;
				CLANG_WARN_UNREACHABLE_CODE = YES;
				CLANG_WARN__DUPLICATE_METHOD_MATCH = YES;
				COPY_PHASE_STRIP = NO;
				DEBUG_INFORMATION_FORMAT = dwarf;
				ENABLE_STRICT_OBJC_MSGSEND = YES;
				ENABLE_TESTABILITY = YES;
				ENABLE_USER_SCRIPT_SANDBOXING = YES;
				GCC_C_LANGUAGE_STANDARD = gnu17;
				GCC_DYNAMIC_NO_PIC = NO;
				GCC_NO_COMMON_BLOCKS = YES;
				GCC_OPTIMIZATION_LEVEL = 0;
				GCC_PREPROCESSOR_DEFINITIONS = (
					"DEBUG=1",
					"$(inherited)",
				);
				GCC_WARN_64_TO_32_BIT_CONVERSION = YES;
				GCC_WARN_ABOUT_RETURN_TYPE = YES_ERROR;
				GCC_WARN_UNDECLARED_SELECTOR = YES;
				GCC_WARN_UNINITIALIZED_AUTOS = YES_AGGRESSIVE;
				GCC_WARN_UNUSED_FUNCTION = YES;
				GCC_WARN_UNUSED_VARIABLE = YES;
				IPHONEOS_DEPLOYMENT_TARGET = 17.2;
				LOCALIZATION_PREFERS_STRING_CATALOGS = YES;
				MTL_ENABLE_DEBUG_INFO = INCLUDE_SOURCE;
				MTL_FAST_MATH = YES;
				ONLY_ACTIVE_ARCH = YES;
				SDKROOT = iphoneos;
				SWIFT_ACTIVE_COMPILATION_CONDITIONS = "DEBUG $(inherited)";
				SWIFT_OPTIMIZATION_LEVEL = "-Onone";
			};
			name = Debug;
		};
		84A86DF82B6281DE00EC2425 /* Release */ = {
			isa = XCBuildConfiguration;
			buildSettings = {
				ALWAYS_SEARCH_USER_PATHS = NO;
				ASSETCATALOG_COMPILER_GENERATE_SWIFT_ASSET_SYMBOL_EXTENSIONS = YES;
				CLANG_ANALYZER_NONNULL = YES;
				CLANG_ANALYZER_NUMBER_OBJECT_CONVERSION = YES_AGGRESSIVE;
				CLANG_CXX_LANGUAGE_STANDARD = "gnu++20";
				CLANG_ENABLE_MODULES = YES;
				CLANG_ENABLE_OBJC_ARC = YES;
				CLANG_ENABLE_OBJC_WEAK = YES;
				CLANG_WARN_BLOCK_CAPTURE_AUTORELEASING = YES;
				CLANG_WARN_BOOL_CONVERSION = YES;
				CLANG_WARN_COMMA = YES;
				CLANG_WARN_CONSTANT_CONVERSION = YES;
				CLANG_WARN_DEPRECATED_OBJC_IMPLEMENTATIONS = YES;
				CLANG_WARN_DIRECT_OBJC_ISA_USAGE = YES_ERROR;
				CLANG_WARN_DOCUMENTATION_COMMENTS = YES;
				CLANG_WARN_EMPTY_BODY = YES;
				CLANG_WARN_ENUM_CONVERSION = YES;
				CLANG_WARN_INFINITE_RECURSION = YES;
				CLANG_WARN_INT_CONVERSION = YES;
				CLANG_WARN_NON_LITERAL_NULL_CONVERSION = YES;
				CLANG_WARN_OBJC_IMPLICIT_RETAIN_SELF = YES;
				CLANG_WARN_OBJC_LITERAL_CONVERSION = YES;
				CLANG_WARN_OBJC_ROOT_CLASS = YES_ERROR;
				CLANG_WARN_QUOTED_INCLUDE_IN_FRAMEWORK_HEADER = YES;
				CLANG_WARN_RANGE_LOOP_ANALYSIS = YES;
				CLANG_WARN_STRICT_PROTOTYPES = YES;
				CLANG_WARN_SUSPICIOUS_MOVE = YES;
				CLANG_WARN_UNGUARDED_AVAILABILITY = YES_AGGRESSIVE;
				CLANG_WARN_UNREACHABLE_CODE = YES;
				CLANG_WARN__DUPLICATE_METHOD_MATCH = YES;
				COPY_PHASE_STRIP = NO;
				DEBUG_INFORMATION_FORMAT = "dwarf-with-dsym";
				ENABLE_NS_ASSERTIONS = NO;
				ENABLE_STRICT_OBJC_MSGSEND = YES;
				ENABLE_USER_SCRIPT_SANDBOXING = YES;
				GCC_C_LANGUAGE_STANDARD = gnu17;
				GCC_NO_COMMON_BLOCKS = YES;
				GCC_WARN_64_TO_32_BIT_CONVERSION = YES;
				GCC_WARN_ABOUT_RETURN_TYPE = YES_ERROR;
				GCC_WARN_UNDECLARED_SELECTOR = YES;
				GCC_WARN_UNINITIALIZED_AUTOS = YES_AGGRESSIVE;
				GCC_WARN_UNUSED_FUNCTION = YES;
				GCC_WARN_UNUSED_VARIABLE = YES;
				IPHONEOS_DEPLOYMENT_TARGET = 17.2;
				LOCALIZATION_PREFERS_STRING_CATALOGS = YES;
				MTL_ENABLE_DEBUG_INFO = NO;
				MTL_FAST_MATH = YES;
				SDKROOT = iphoneos;
				SWIFT_COMPILATION_MODE = wholemodule;
				VALIDATE_PRODUCT = YES;
			};
			name = Release;
		};
		84A86DFA2B6281DE00EC2425 /* Debug */ = {
			isa = XCBuildConfiguration;
			buildSettings = {
				ASSETCATALOG_COMPILER_APPICON_NAME = AppIcon;
				ASSETCATALOG_COMPILER_GLOBAL_ACCENT_COLOR_NAME = AccentColor;
				CODE_SIGN_STYLE = Automatic;
				CURRENT_PROJECT_VERSION = 1;
				DEVELOPMENT_ASSET_PATHS = "\"SceneView/Preview Content\"";
				DEVELOPMENT_TEAM = 846F3LXX92;
				ENABLE_PREVIEWS = YES;
				GENERATE_INFOPLIST_FILE = YES;
				INFOPLIST_KEY_UIApplicationSceneManifest_Generation = YES;
				INFOPLIST_KEY_UIApplicationSupportsIndirectInputEvents = YES;
				INFOPLIST_KEY_UILaunchScreen_Generation = YES;
				INFOPLIST_KEY_UISupportedInterfaceOrientations_iPad = "UIInterfaceOrientationPortrait UIInterfaceOrientationPortraitUpsideDown UIInterfaceOrientationLandscapeLeft UIInterfaceOrientationLandscapeRight";
				INFOPLIST_KEY_UISupportedInterfaceOrientations_iPhone = "UIInterfaceOrientationPortrait UIInterfaceOrientationLandscapeLeft UIInterfaceOrientationLandscapeRight";
				LD_RUNPATH_SEARCH_PATHS = (
					"$(inherited)",
					"@executable_path/Frameworks",
				);
				MARKETING_VERSION = 1.0;
				PRODUCT_BUNDLE_IDENTIFIER = "ajm-consulting.SceneView";
				PRODUCT_NAME = "$(TARGET_NAME)";
				SWIFT_EMIT_LOC_STRINGS = YES;
				SWIFT_VERSION = 5.0;
				TARGETED_DEVICE_FAMILY = "1,2";
			};
			name = Debug;
		};
		84A86DFB2B6281DE00EC2425 /* Release */ = {
			isa = XCBuildConfiguration;
			buildSettings = {
				ASSETCATALOG_COMPILER_APPICON_NAME = AppIcon;
				ASSETCATALOG_COMPILER_GLOBAL_ACCENT_COLOR_NAME = AccentColor;
				CODE_SIGN_STYLE = Automatic;
				CURRENT_PROJECT_VERSION = 1;
				DEVELOPMENT_ASSET_PATHS = "\"SceneView/Preview Content\"";
				DEVELOPMENT_TEAM = 846F3LXX92;
				ENABLE_PREVIEWS = YES;
				GENERATE_INFOPLIST_FILE = YES;
				INFOPLIST_KEY_UIApplicationSceneManifest_Generation = YES;
				INFOPLIST_KEY_UIApplicationSupportsIndirectInputEvents = YES;
				INFOPLIST_KEY_UILaunchScreen_Generation = YES;
				INFOPLIST_KEY_UISupportedInterfaceOrientations_iPad = "UIInterfaceOrientationPortrait UIInterfaceOrientationPortraitUpsideDown UIInterfaceOrientationLandscapeLeft UIInterfaceOrientationLandscapeRight";
				INFOPLIST_KEY_UISupportedInterfaceOrientations_iPhone = "UIInterfaceOrientationPortrait UIInterfaceOrientationLandscapeLeft UIInterfaceOrientationLandscapeRight";
				LD_RUNPATH_SEARCH_PATHS = (
					"$(inherited)",
					"@executable_path/Frameworks",
				);
				MARKETING_VERSION = 1.0;
				PRODUCT_BUNDLE_IDENTIFIER = "ajm-consulting.SceneView";
				PRODUCT_NAME = "$(TARGET_NAME)";
				SWIFT_EMIT_LOC_STRINGS = YES;
				SWIFT_VERSION = 5.0;
				TARGETED_DEVICE_FAMILY = "1,2";
			};
			name = Release;
		};
		84A86DFD2B6281DE00EC2425 /* Debug */ = {
			isa = XCBuildConfiguration;
			buildSettings = {
				ALWAYS_EMBED_SWIFT_STANDARD_LIBRARIES = YES;
				BUNDLE_LOADER = "$(TEST_HOST)";
				CODE_SIGN_STYLE = Automatic;
				CURRENT_PROJECT_VERSION = 1;
				DEVELOPMENT_TEAM = 846F3LXX92;
				GENERATE_INFOPLIST_FILE = YES;
				IPHONEOS_DEPLOYMENT_TARGET = 17.2;
				MARKETING_VERSION = 1.0;
				PRODUCT_BUNDLE_IDENTIFIER = "ajm-consulting.SceneViewTests";
				PRODUCT_NAME = "$(TARGET_NAME)";
				SWIFT_EMIT_LOC_STRINGS = NO;
				SWIFT_VERSION = 5.0;
				TARGETED_DEVICE_FAMILY = "1,2";
				TEST_HOST = "$(BUILT_PRODUCTS_DIR)/SceneView.app/$(BUNDLE_EXECUTABLE_FOLDER_PATH)/SceneView";
			};
			name = Debug;
		};
		84A86DFE2B6281DE00EC2425 /* Release */ = {
			isa = XCBuildConfiguration;
			buildSettings = {
				ALWAYS_EMBED_SWIFT_STANDARD_LIBRARIES = YES;
				BUNDLE_LOADER = "$(TEST_HOST)";
				CODE_SIGN_STYLE = Automatic;
				CURRENT_PROJECT_VERSION = 1;
				DEVELOPMENT_TEAM = 846F3LXX92;
				GENERATE_INFOPLIST_FILE = YES;
				IPHONEOS_DEPLOYMENT_TARGET = 17.2;
				MARKETING_VERSION = 1.0;
				PRODUCT_BUNDLE_IDENTIFIER = "ajm-consulting.SceneViewTests";
				PRODUCT_NAME = "$(TARGET_NAME)";
				SWIFT_EMIT_LOC_STRINGS = NO;
				SWIFT_VERSION = 5.0;
				TARGETED_DEVICE_FAMILY = "1,2";
				TEST_HOST = "$(BUILT_PRODUCTS_DIR)/SceneView.app/$(BUNDLE_EXECUTABLE_FOLDER_PATH)/SceneView";
			};
			name = Release;
		};
		84A86E002B6281DE00EC2425 /* Debug */ = {
			isa = XCBuildConfiguration;
			buildSettings = {
				ALWAYS_EMBED_SWIFT_STANDARD_LIBRARIES = YES;
				CODE_SIGN_STYLE = Automatic;
				CURRENT_PROJECT_VERSION = 1;
				DEVELOPMENT_TEAM = 846F3LXX92;
				GENERATE_INFOPLIST_FILE = YES;
				MARKETING_VERSION = 1.0;
				PRODUCT_BUNDLE_IDENTIFIER = "ajm-consulting.SceneViewUITests";
				PRODUCT_NAME = "$(TARGET_NAME)";
				SWIFT_EMIT_LOC_STRINGS = NO;
				SWIFT_VERSION = 5.0;
				TARGETED_DEVICE_FAMILY = "1,2";
				TEST_TARGET_NAME = SceneView;
			};
			name = Debug;
		};
		84A86E012B6281DE00EC2425 /* Release */ = {
			isa = XCBuildConfiguration;
			buildSettings = {
				ALWAYS_EMBED_SWIFT_STANDARD_LIBRARIES = YES;
				CODE_SIGN_STYLE = Automatic;
				CURRENT_PROJECT_VERSION = 1;
				DEVELOPMENT_TEAM = 846F3LXX92;
				GENERATE_INFOPLIST_FILE = YES;
				MARKETING_VERSION = 1.0;
				PRODUCT_BUNDLE_IDENTIFIER = "ajm-consulting.SceneViewUITests";
				PRODUCT_NAME = "$(TARGET_NAME)";
				SWIFT_EMIT_LOC_STRINGS = NO;
				SWIFT_VERSION = 5.0;
				TARGETED_DEVICE_FAMILY = "1,2";
				TEST_TARGET_NAME = SceneView;
			};
			name = Release;
		};
		84EE325B2B63F30600A489BE /* Debug */ = {
			isa = XCBuildConfiguration;
			buildSettings = {
				ASSETCATALOG_COMPILER_APPICON_NAME = AppIcon;
				ASSETCATALOG_COMPILER_GLOBAL_ACCENT_COLOR_NAME = AccentColor;
				CLANG_ENABLE_MODULES = YES;
				CODE_SIGN_STYLE = Automatic;
				CURRENT_PROJECT_VERSION = 1;
				DEVELOPMENT_ASSET_PATHS = "\"gauges/Preview Content\"";
				DEVELOPMENT_TEAM = 846F3LXX92;
				ENABLE_PREVIEWS = YES;
				GENERATE_INFOPLIST_FILE = YES;
				INFOPLIST_KEY_UIApplicationSceneManifest_Generation = YES;
				INFOPLIST_KEY_UIApplicationSupportsIndirectInputEvents = YES;
				INFOPLIST_KEY_UILaunchScreen_Generation = YES;
				INFOPLIST_KEY_UISupportedInterfaceOrientations_iPad = "UIInterfaceOrientationPortrait UIInterfaceOrientationPortraitUpsideDown UIInterfaceOrientationLandscapeLeft UIInterfaceOrientationLandscapeRight";
				INFOPLIST_KEY_UISupportedInterfaceOrientations_iPhone = "UIInterfaceOrientationPortrait UIInterfaceOrientationLandscapeLeft UIInterfaceOrientationLandscapeRight";
				LD_RUNPATH_SEARCH_PATHS = (
					"$(inherited)",
					"@executable_path/Frameworks",
				);
				MARKETING_VERSION = 1.0;
				PRODUCT_BUNDLE_IDENTIFIER = "ajm-consulting.gauges";
				PRODUCT_NAME = "$(TARGET_NAME)";
				SWIFT_EMIT_LOC_STRINGS = YES;
				SWIFT_OPTIMIZATION_LEVEL = "-Onone";
				SWIFT_VERSION = 5.0;
				TARGETED_DEVICE_FAMILY = "1,2";
			};
			name = Debug;
		};
		84EE325C2B63F30600A489BE /* Release */ = {
			isa = XCBuildConfiguration;
			buildSettings = {
				ASSETCATALOG_COMPILER_APPICON_NAME = AppIcon;
				ASSETCATALOG_COMPILER_GLOBAL_ACCENT_COLOR_NAME = AccentColor;
				CLANG_ENABLE_MODULES = YES;
				CODE_SIGN_STYLE = Automatic;
				CURRENT_PROJECT_VERSION = 1;
				DEVELOPMENT_ASSET_PATHS = "\"gauges/Preview Content\"";
				DEVELOPMENT_TEAM = 846F3LXX92;
				ENABLE_PREVIEWS = YES;
				GENERATE_INFOPLIST_FILE = YES;
				INFOPLIST_KEY_UIApplicationSceneManifest_Generation = YES;
				INFOPLIST_KEY_UIApplicationSupportsIndirectInputEvents = YES;
				INFOPLIST_KEY_UILaunchScreen_Generation = YES;
				INFOPLIST_KEY_UISupportedInterfaceOrientations_iPad = "UIInterfaceOrientationPortrait UIInterfaceOrientationPortraitUpsideDown UIInterfaceOrientationLandscapeLeft UIInterfaceOrientationLandscapeRight";
				INFOPLIST_KEY_UISupportedInterfaceOrientations_iPhone = "UIInterfaceOrientationPortrait UIInterfaceOrientationLandscapeLeft UIInterfaceOrientationLandscapeRight";
				LD_RUNPATH_SEARCH_PATHS = (
					"$(inherited)",
					"@executable_path/Frameworks",
				);
				MARKETING_VERSION = 1.0;
				PRODUCT_BUNDLE_IDENTIFIER = "ajm-consulting.gauges";
				PRODUCT_NAME = "$(TARGET_NAME)";
				SWIFT_EMIT_LOC_STRINGS = YES;
				SWIFT_VERSION = 5.0;
				TARGETED_DEVICE_FAMILY = "1,2";
			};
			name = Release;
		};
		84EE325E2B63F30600A489BE /* Debug */ = {
			isa = XCBuildConfiguration;
			buildSettings = {
				BUNDLE_LOADER = "$(TEST_HOST)";
				CODE_SIGN_STYLE = Automatic;
				CURRENT_PROJECT_VERSION = 1;
				DEVELOPMENT_TEAM = 846F3LXX92;
				GENERATE_INFOPLIST_FILE = YES;
				IPHONEOS_DEPLOYMENT_TARGET = 17.2;
				MARKETING_VERSION = 1.0;
				PRODUCT_BUNDLE_IDENTIFIER = "ajm-consulting.gaugesTests";
				PRODUCT_NAME = "$(TARGET_NAME)";
				SWIFT_EMIT_LOC_STRINGS = NO;
				SWIFT_VERSION = 5.0;
				TARGETED_DEVICE_FAMILY = "1,2";
				TEST_HOST = "$(BUILT_PRODUCTS_DIR)/gauges.app/$(BUNDLE_EXECUTABLE_FOLDER_PATH)/gauges";
			};
			name = Debug;
		};
		84EE325F2B63F30600A489BE /* Release */ = {
			isa = XCBuildConfiguration;
			buildSettings = {
				BUNDLE_LOADER = "$(TEST_HOST)";
				CODE_SIGN_STYLE = Automatic;
				CURRENT_PROJECT_VERSION = 1;
				DEVELOPMENT_TEAM = 846F3LXX92;
				GENERATE_INFOPLIST_FILE = YES;
				IPHONEOS_DEPLOYMENT_TARGET = 17.2;
				MARKETING_VERSION = 1.0;
				PRODUCT_BUNDLE_IDENTIFIER = "ajm-consulting.gaugesTests";
				PRODUCT_NAME = "$(TARGET_NAME)";
				SWIFT_EMIT_LOC_STRINGS = NO;
				SWIFT_VERSION = 5.0;
				TARGETED_DEVICE_FAMILY = "1,2";
				TEST_HOST = "$(BUILT_PRODUCTS_DIR)/gauges.app/$(BUNDLE_EXECUTABLE_FOLDER_PATH)/gauges";
			};
			name = Release;
		};
		84EE32612B63F30600A489BE /* Debug */ = {
			isa = XCBuildConfiguration;
			buildSettings = {
				CODE_SIGN_STYLE = Automatic;
				CURRENT_PROJECT_VERSION = 1;
				DEVELOPMENT_TEAM = 846F3LXX92;
				GENERATE_INFOPLIST_FILE = YES;
				MARKETING_VERSION = 1.0;
				PRODUCT_BUNDLE_IDENTIFIER = "ajm-consulting.gaugesUITests";
				PRODUCT_NAME = "$(TARGET_NAME)";
				SWIFT_EMIT_LOC_STRINGS = NO;
				SWIFT_VERSION = 5.0;
				TARGETED_DEVICE_FAMILY = "1,2";
				TEST_TARGET_NAME = gauges;
			};
			name = Debug;
		};
		84EE32622B63F30600A489BE /* Release */ = {
			isa = XCBuildConfiguration;
			buildSettings = {
				CODE_SIGN_STYLE = Automatic;
				CURRENT_PROJECT_VERSION = 1;
				DEVELOPMENT_TEAM = 846F3LXX92;
				GENERATE_INFOPLIST_FILE = YES;
				MARKETING_VERSION = 1.0;
				PRODUCT_BUNDLE_IDENTIFIER = "ajm-consulting.gaugesUITests";
				PRODUCT_NAME = "$(TARGET_NAME)";
				SWIFT_EMIT_LOC_STRINGS = NO;
				SWIFT_VERSION = 5.0;
				TARGETED_DEVICE_FAMILY = "1,2";
				TEST_TARGET_NAME = gauges;
			};
			name = Release;
		};
		84EE328D2B63FFE000A489BE /* Debug */ = {
			isa = XCBuildConfiguration;
			buildSettings = {
				ASSETCATALOG_COMPILER_APPICON_NAME = AppIcon;
				ASSETCATALOG_COMPILER_GLOBAL_ACCENT_COLOR_NAME = AccentColor;
				CODE_SIGN_STYLE = Automatic;
				CURRENT_PROJECT_VERSION = 1;
				DEVELOPMENT_ASSET_PATHS = "\"gaugex/Preview Content\"";
				DEVELOPMENT_TEAM = 846F3LXX92;
				ENABLE_PREVIEWS = YES;
				GENERATE_INFOPLIST_FILE = YES;
				INFOPLIST_KEY_UIApplicationSceneManifest_Generation = YES;
				INFOPLIST_KEY_UIApplicationSupportsIndirectInputEvents = YES;
				INFOPLIST_KEY_UILaunchScreen_Generation = YES;
				INFOPLIST_KEY_UISupportedInterfaceOrientations_iPad = "UIInterfaceOrientationPortrait UIInterfaceOrientationPortraitUpsideDown UIInterfaceOrientationLandscapeLeft UIInterfaceOrientationLandscapeRight";
				INFOPLIST_KEY_UISupportedInterfaceOrientations_iPhone = "UIInterfaceOrientationPortrait UIInterfaceOrientationLandscapeLeft UIInterfaceOrientationLandscapeRight";
				IPHONEOS_DEPLOYMENT_TARGET = 17.2;
				LD_RUNPATH_SEARCH_PATHS = (
					"$(inherited)",
					"@executable_path/Frameworks",
				);
				MARKETING_VERSION = 1.0;
				PRODUCT_BUNDLE_IDENTIFIER = "ajm-consulting.gaugex";
				PRODUCT_NAME = "$(TARGET_NAME)";
				SWIFT_EMIT_LOC_STRINGS = YES;
				SWIFT_VERSION = 5.0;
				TARGETED_DEVICE_FAMILY = "1,2";
			};
			name = Debug;
		};
		84EE328E2B63FFE000A489BE /* Release */ = {
			isa = XCBuildConfiguration;
			buildSettings = {
				ASSETCATALOG_COMPILER_APPICON_NAME = AppIcon;
				ASSETCATALOG_COMPILER_GLOBAL_ACCENT_COLOR_NAME = AccentColor;
				CODE_SIGN_STYLE = Automatic;
				CURRENT_PROJECT_VERSION = 1;
				DEVELOPMENT_ASSET_PATHS = "\"gaugex/Preview Content\"";
				DEVELOPMENT_TEAM = 846F3LXX92;
				ENABLE_PREVIEWS = YES;
				GENERATE_INFOPLIST_FILE = YES;
				INFOPLIST_KEY_UIApplicationSceneManifest_Generation = YES;
				INFOPLIST_KEY_UIApplicationSupportsIndirectInputEvents = YES;
				INFOPLIST_KEY_UILaunchScreen_Generation = YES;
				INFOPLIST_KEY_UISupportedInterfaceOrientations_iPad = "UIInterfaceOrientationPortrait UIInterfaceOrientationPortraitUpsideDown UIInterfaceOrientationLandscapeLeft UIInterfaceOrientationLandscapeRight";
				INFOPLIST_KEY_UISupportedInterfaceOrientations_iPhone = "UIInterfaceOrientationPortrait UIInterfaceOrientationLandscapeLeft UIInterfaceOrientationLandscapeRight";
				IPHONEOS_DEPLOYMENT_TARGET = 17.2;
				LD_RUNPATH_SEARCH_PATHS = (
					"$(inherited)",
					"@executable_path/Frameworks",
				);
				MARKETING_VERSION = 1.0;
				PRODUCT_BUNDLE_IDENTIFIER = "ajm-consulting.gaugex";
				PRODUCT_NAME = "$(TARGET_NAME)";
				SWIFT_EMIT_LOC_STRINGS = YES;
				SWIFT_VERSION = 5.0;
				TARGETED_DEVICE_FAMILY = "1,2";
			};
			name = Release;
		};
		84EE32902B63FFE000A489BE /* Debug */ = {
			isa = XCBuildConfiguration;
			buildSettings = {
				ALWAYS_EMBED_SWIFT_STANDARD_LIBRARIES = YES;
				BUNDLE_LOADER = "$(TEST_HOST)";
				CODE_SIGN_STYLE = Automatic;
				CURRENT_PROJECT_VERSION = 1;
				DEVELOPMENT_TEAM = 846F3LXX92;
				GENERATE_INFOPLIST_FILE = YES;
				IPHONEOS_DEPLOYMENT_TARGET = 17.2;
				MARKETING_VERSION = 1.0;
				PRODUCT_BUNDLE_IDENTIFIER = "ajm-consulting.gaugexTests";
				PRODUCT_NAME = "$(TARGET_NAME)";
				SWIFT_EMIT_LOC_STRINGS = NO;
				SWIFT_VERSION = 5.0;
				TARGETED_DEVICE_FAMILY = "1,2";
				TEST_HOST = "$(BUILT_PRODUCTS_DIR)/gaugex.app/$(BUNDLE_EXECUTABLE_FOLDER_PATH)/gaugex";
			};
			name = Debug;
		};
		84EE32912B63FFE000A489BE /* Release */ = {
			isa = XCBuildConfiguration;
			buildSettings = {
				ALWAYS_EMBED_SWIFT_STANDARD_LIBRARIES = YES;
				BUNDLE_LOADER = "$(TEST_HOST)";
				CODE_SIGN_STYLE = Automatic;
				CURRENT_PROJECT_VERSION = 1;
				DEVELOPMENT_TEAM = 846F3LXX92;
				GENERATE_INFOPLIST_FILE = YES;
				IPHONEOS_DEPLOYMENT_TARGET = 17.2;
				MARKETING_VERSION = 1.0;
				PRODUCT_BUNDLE_IDENTIFIER = "ajm-consulting.gaugexTests";
				PRODUCT_NAME = "$(TARGET_NAME)";
				SWIFT_EMIT_LOC_STRINGS = NO;
				SWIFT_VERSION = 5.0;
				TARGETED_DEVICE_FAMILY = "1,2";
				TEST_HOST = "$(BUILT_PRODUCTS_DIR)/gaugex.app/$(BUNDLE_EXECUTABLE_FOLDER_PATH)/gaugex";
			};
			name = Release;
		};
		84EE32932B63FFE000A489BE /* Debug */ = {
			isa = XCBuildConfiguration;
			buildSettings = {
				ALWAYS_EMBED_SWIFT_STANDARD_LIBRARIES = YES;
				CODE_SIGN_STYLE = Automatic;
				CURRENT_PROJECT_VERSION = 1;
				DEVELOPMENT_TEAM = 846F3LXX92;
				GENERATE_INFOPLIST_FILE = YES;
				IPHONEOS_DEPLOYMENT_TARGET = 12.4;
				MARKETING_VERSION = 1.0;
				PRODUCT_BUNDLE_IDENTIFIER = "ajm-consulting.gaugexUITests";
				PRODUCT_NAME = "$(TARGET_NAME)";
				SWIFT_EMIT_LOC_STRINGS = NO;
				SWIFT_VERSION = 5.0;
				TARGETED_DEVICE_FAMILY = "1,2";
				TEST_TARGET_NAME = gaugex;
			};
			name = Debug;
		};
		84EE32942B63FFE000A489BE /* Release */ = {
			isa = XCBuildConfiguration;
			buildSettings = {
				ALWAYS_EMBED_SWIFT_STANDARD_LIBRARIES = YES;
				CODE_SIGN_STYLE = Automatic;
				CURRENT_PROJECT_VERSION = 1;
				DEVELOPMENT_TEAM = 846F3LXX92;
				GENERATE_INFOPLIST_FILE = YES;
				IPHONEOS_DEPLOYMENT_TARGET = 12.4;
				MARKETING_VERSION = 1.0;
				PRODUCT_BUNDLE_IDENTIFIER = "ajm-consulting.gaugexUITests";
				PRODUCT_NAME = "$(TARGET_NAME)";
				SWIFT_EMIT_LOC_STRINGS = NO;
				SWIFT_VERSION = 5.0;
				TARGETED_DEVICE_FAMILY = "1,2";
				TEST_TARGET_NAME = gaugex;
			};
			name = Release;
		};
/* End XCBuildConfiguration section */

/* Begin XCConfigurationList section */
		8427F8862B656926007D6860 /* Build configuration list for PBXNativeTarget "ios 12" */ = {
			isa = XCConfigurationList;
			buildConfigurations = (
				8427F8872B656926007D6860 /* Debug */,
				8427F8882B656926007D6860 /* Release */,
			);
			defaultConfigurationIsVisible = 0;
			defaultConfigurationName = Release;
		};
		8427F8892B656926007D6860 /* Build configuration list for PBXNativeTarget "ios 12Tests" */ = {
			isa = XCConfigurationList;
			buildConfigurations = (
				8427F88A2B656926007D6860 /* Debug */,
				8427F88B2B656926007D6860 /* Release */,
			);
			defaultConfigurationIsVisible = 0;
			defaultConfigurationName = Release;
		};
		8427F88C2B656926007D6860 /* Build configuration list for PBXNativeTarget "ios 12UITests" */ = {
			isa = XCConfigurationList;
			buildConfigurations = (
				8427F88D2B656926007D6860 /* Debug */,
				8427F88E2B656926007D6860 /* Release */,
			);
			defaultConfigurationIsVisible = 0;
			defaultConfigurationName = Release;
		};
		84A86DD02B6281DD00EC2425 /* Build configuration list for PBXProject "SceneView" */ = {
			isa = XCConfigurationList;
			buildConfigurations = (
				84A86DF72B6281DE00EC2425 /* Debug */,
				84A86DF82B6281DE00EC2425 /* Release */,
			);
			defaultConfigurationIsVisible = 0;
			defaultConfigurationName = Release;
		};
		84A86DF92B6281DE00EC2425 /* Build configuration list for PBXNativeTarget "SceneView" */ = {
			isa = XCConfigurationList;
			buildConfigurations = (
				84A86DFA2B6281DE00EC2425 /* Debug */,
				84A86DFB2B6281DE00EC2425 /* Release */,
			);
			defaultConfigurationIsVisible = 0;
			defaultConfigurationName = Release;
		};
		84A86DFC2B6281DE00EC2425 /* Build configuration list for PBXNativeTarget "SceneViewTests" */ = {
			isa = XCConfigurationList;
			buildConfigurations = (
				84A86DFD2B6281DE00EC2425 /* Debug */,
				84A86DFE2B6281DE00EC2425 /* Release */,
			);
			defaultConfigurationIsVisible = 0;
			defaultConfigurationName = Release;
		};
		84A86DFF2B6281DE00EC2425 /* Build configuration list for PBXNativeTarget "SceneViewUITests" */ = {
			isa = XCConfigurationList;
			buildConfigurations = (
				84A86E002B6281DE00EC2425 /* Debug */,
				84A86E012B6281DE00EC2425 /* Release */,
			);
			defaultConfigurationIsVisible = 0;
			defaultConfigurationName = Release;
		};
		84EE325A2B63F30600A489BE /* Build configuration list for PBXNativeTarget "gauges" */ = {
			isa = XCConfigurationList;
			buildConfigurations = (
				84EE325B2B63F30600A489BE /* Debug */,
				84EE325C2B63F30600A489BE /* Release */,
			);
			defaultConfigurationIsVisible = 0;
			defaultConfigurationName = Release;
		};
		84EE325D2B63F30600A489BE /* Build configuration list for PBXNativeTarget "gaugesTests" */ = {
			isa = XCConfigurationList;
			buildConfigurations = (
				84EE325E2B63F30600A489BE /* Debug */,
				84EE325F2B63F30600A489BE /* Release */,
			);
			defaultConfigurationIsVisible = 0;
			defaultConfigurationName = Release;
		};
		84EE32602B63F30600A489BE /* Build configuration list for PBXNativeTarget "gaugesUITests" */ = {
			isa = XCConfigurationList;
			buildConfigurations = (
				84EE32612B63F30600A489BE /* Debug */,
				84EE32622B63F30600A489BE /* Release */,
			);
			defaultConfigurationIsVisible = 0;
			defaultConfigurationName = Release;
		};
		84EE328C2B63FFE000A489BE /* Build configuration list for PBXNativeTarget "gaugex" */ = {
			isa = XCConfigurationList;
			buildConfigurations = (
				84EE328D2B63FFE000A489BE /* Debug */,
				84EE328E2B63FFE000A489BE /* Release */,
			);
			defaultConfigurationIsVisible = 0;
			defaultConfigurationName = Release;
		};
		84EE328F2B63FFE000A489BE /* Build configuration list for PBXNativeTarget "gaugexTests" */ = {
			isa = XCConfigurationList;
			buildConfigurations = (
				84EE32902B63FFE000A489BE /* Debug */,
				84EE32912B63FFE000A489BE /* Release */,
			);
			defaultConfigurationIsVisible = 0;
			defaultConfigurationName = Release;
		};
		84EE32922B63FFE000A489BE /* Build configuration list for PBXNativeTarget "gaugexUITests" */ = {
			isa = XCConfigurationList;
			buildConfigurations = (
				84EE32932B63FFE000A489BE /* Debug */,
				84EE32942B63FFE000A489BE /* Release */,
			);
			defaultConfigurationIsVisible = 0;
			defaultConfigurationName = Release;
		};
/* End XCConfigurationList section */
	};
	rootObject = 84A86DCD2B6281DD00EC2425 /* Project object */;
}
